PODS:
  - DWHEmojiSelectionView (0.1.1)

DEPENDENCIES:
  - DWHEmojiSelectionView (from `../`)

EXTERNAL SOURCES:
  DWHEmojiSelectionView:
    :path: "../"

SPEC CHECKSUMS:
  DWHEmojiSelectionView: fda979dc77517dd86d24b13953476663de86d6c2

PODFILE CHECKSUM: 95d93a0c6f7ebbcc22267bc3732325b7861a2004

COCOAPODS: 1.10.1
